<?xml version="1.0" encoding="utf-8"?>
<Project ToolsVersion="4.0" xmlns="http://schemas.microsoft.com/developer/msbuild/2003">
  <ItemGroup>
    <Filter Include="Исходные файлы">
      <UniqueIdentifier>{4FC737F1-C7A5-4376-A066-2A32D752A2FF}</UniqueIdentifier>
      <Extensions>cpp;c;cc;cxx;def;odl;idl;hpj;bat;asm;asmx</Extensions>
    </Filter>
    <Filter Include="Файлы заголовков">
      <UniqueIdentifier>{93995380-89BD-4b04-88EB-625FBE52EBFB}</UniqueIdentifier>
      <Extensions>h;hh;hpp;hxx;hm;inl;inc;ipp;xsd</Extensions>
    </Filter>
    <Filter Include="Исходные файлы\vm_cpu">
      <UniqueIdentifier>{8a8aa3b6-1c5b-4503-bb6e-d75cb3d032c9}</UniqueIdentifier>
    </Filter>
    <Filter Include="Исходные файлы\vm_cpu\imp">
      <UniqueIdentifier>{79e42c0d-4493-4444-b727-43c4878c22bc}</UniqueIdentifier>
    </Filter>
  </ItemGroup>
  <ItemGroup>
    <ClInclude Include="stdafx.h">
      <Filter>Файлы заголовков</Filter>
    </ClInclude>
    <ClInclude Include="vm_cpu.h">
      <Filter>Исходные файлы\vm_cpu</Filter>
    </ClInclude>
    <ClInclude Include="vm_internal.h">
      <Filter>Исходные файлы\vm_cpu</Filter>
    </ClInclude>
    <ClInclude Include="vm_operand.h">
      <Filter>Исходные файлы\vm_cpu\imp</Filter>
    </ClInclude>
    <ClInclude Include="vm_stack.h">
      <Filter>Исходные файлы\vm_cpu\imp</Filter>
    </ClInclude>
    <ClInclude Include="vm_jump.h">
      <Filter>Исходные файлы\vm_cpu\imp</Filter>
    </ClInclude>
    <ClInclude Include="vm_movable.h">
      <Filter>Исходные файлы\vm_cpu\imp</Filter>
    </ClInclude>
    <ClInclude Include="vm_arith.h">
      <Filter>Исходные файлы\vm_cpu\imp</Filter>
    </ClInclude>
    <ClInclude Include="vm_macro.h">
      <Filter>Исходные файлы\vm_cpu</Filter>
    </ClInclude>
  </ItemGroup>
  <ItemGroup>
    <ClCompile Include="stdafx.cpp">
      <Filter>Исходные файлы</Filter>
    </ClCompile>
    <ClCompile Include="dllmain.cpp">
      <Filter>Исходные файлы</Filter>
    </ClCompile>
    <ClCompile Include="vm_cpu.cpp">
      <Filter>Исходные файлы\vm_cpu</Filter>
    </ClCompile>
  </ItemGroup>
</Project>