
Microsoft Visual Studio Solution File, Format Version 12.00
# Visual Studio 15
VisualStudioVersion = 15.0.27703.2026
MinimumVisualStudioVersion = 10.0.40219.1
Project("{8BC9CEB8-8B4A-11D0-8D11-00A0C91BC942}") = "furikuri", "furikuri\furikuri.vcxproj", "{88F9CD6C-BF6D-473B-A4A0-EDB1C7F57C62}"
	ProjectSection(ProjectDependencies) = postProject
		{5B01D900-2359-44CA-9914-6B0C6AFB7BE7} = {5B01D900-2359-44CA-9914-6B0C6AFB7BE7}
		{1EA29A42-AEF8-45A7-83EC-2E5400893596} = {1EA29A42-AEF8-45A7-83EC-2E5400893596}
		{0A569853-B3F6-4BE5-A7DA-F88EFCE68EC7} = {0A569853-B3F6-4BE5-A7DA-F88EFCE68EC7}
		{5B0E07A2-6928-44E0-AF0A-445B067C71CC} = {5B0E07A2-6928-44E0-AF0A-445B067C71CC}
	EndProjectSection
EndProject
Project("{8BC9CEB8-8B4A-11D0-8D11-00A0C91BC942}") = "shibari", "shibari\shibari\shibari.vcxproj", "{1EA29A42-AEF8-45A7-83EC-2E5400893596}"
	ProjectSection(ProjectDependencies) = postProject
		{5B0E07A2-6928-44E0-AF0A-445B067C71CC} = {5B0E07A2-6928-44E0-AF0A-445B067C71CC}
	EndProjectSection
EndProject
Project("{8BC9CEB8-8B4A-11D0-8D11-00A0C91BC942}") = "shibari_console", "shibari\shibari_console\shibari_console.vcxproj", "{00D6C615-EA3A-4D90-A09C-24D743918EFF}"
	ProjectSection(ProjectDependencies) = postProject
		{1EA29A42-AEF8-45A7-83EC-2E5400893596} = {1EA29A42-AEF8-45A7-83EC-2E5400893596}
		{5B0E07A2-6928-44E0-AF0A-445B067C71CC} = {5B0E07A2-6928-44E0-AF0A-445B067C71CC}
	EndProjectSection
EndProject
Project("{2150E333-8FDC-42A3-9474-1A3956D46DE8}") = "shibari_project", "shibari_project", "{9EA0981F-4FD4-4E47-8DCB-E74A2ABAF78F}"
EndProject
Project("{2150E333-8FDC-42A3-9474-1A3956D46DE8}") = "enma", "enma", "{3A9C4149-02F2-4276-A81B-F93196E0A13E}"
EndProject
Project("{8BC9CEB8-8B4A-11D0-8D11-00A0C91BC942}") = "furikuri_console", "furikuri_console\furikuri_console.vcxproj", "{9C776AA4-29BB-480F-BADC-2D5385D4BA54}"
	ProjectSection(ProjectDependencies) = postProject
		{88F9CD6C-BF6D-473B-A4A0-EDB1C7F57C62} = {88F9CD6C-BF6D-473B-A4A0-EDB1C7F57C62}
	EndProjectSection
EndProject
Project("{8BC9CEB8-8B4A-11D0-8D11-00A0C91BC942}") = "enma_pe", "enma_pe\enma_pe\enma_pe.vcxproj", "{5B0E07A2-6928-44E0-AF0A-445B067C71CC}"
EndProject
Project("{2150E333-8FDC-42A3-9474-1A3956D46DE8}") = "fuku", "fuku", "{2B75A5E8-6145-4753-A185-48B11BD293C5}"
EndProject
Project("{2150E333-8FDC-42A3-9474-1A3956D46DE8}") = "dependencies", "dependencies", "{88426CCE-5EAD-46F9-B3EB-2AA4F02F0796}"
EndProject
Project("{8BC9CEB8-8B4A-11D0-8D11-00A0C91BC942}") = "vm_fuku_x86", "vm_fuku_x86\vm_fuku_x86.vcxproj", "{F0ECB283-2E19-4E9D-870E-3A2987895B24}"
EndProject
Project("{8BC9CEB8-8B4A-11D0-8D11-00A0C91BC942}") = "vm_fuku_x86_64", "vm_fuku_x86_64\vm_fuku_x86_64.vcxproj", "{753E4F08-C3BC-4818-9296-68D5E2830476}"
EndProject
Project("{2150E333-8FDC-42A3-9474-1A3956D46DE8}") = "vm_fuku", "vm_fuku", "{B8D87247-9087-4600-A7B9-37D696D12B1C}"
EndProject
Project("{2150E333-8FDC-42A3-9474-1A3956D46DE8}") = "capstone", "capstone", "{9C9DC4DD-A192-46D9-BD4F-8D3FECEED122}"
EndProject
Project("{8BC9CEB8-8B4A-11D0-8D11-00A0C91BC942}") = "capstone_static", "capstone\msvc\capstone_static\capstone_static.vcxproj", "{5B01D900-2359-44CA-9914-6B0C6AFB7BE7}"
EndProject
Project("{8BC9CEB8-8B4A-11D0-8D11-00A0C91BC942}") = "fukutasm", "fukutasm\fukutasm\fukutasm.vcxproj", "{0A569853-B3F6-4BE5-A7DA-F88EFCE68EC7}"
EndProject
Project("{2150E333-8FDC-42A3-9474-1A3956D46DE8}") = "fuku_asm", "fuku_asm", "{31944A4F-4379-42ED-8134-785A272EEC9D}"
EndProject
Global
	GlobalSection(SolutionConfigurationPlatforms) = preSolution
		Debug|x64 = Debug|x64
		Debug|x86 = Debug|x86
		Release|x64 = Release|x64
		Release|x86 = Release|x86
	EndGlobalSection
	GlobalSection(ProjectConfigurationPlatforms) = postSolution
		{88F9CD6C-BF6D-473B-A4A0-EDB1C7F57C62}.Debug|x64.ActiveCfg = Debug|x64
		{88F9CD6C-BF6D-473B-A4A0-EDB1C7F57C62}.Debug|x64.Build.0 = Debug|x64
		{88F9CD6C-BF6D-473B-A4A0-EDB1C7F57C62}.Debug|x86.ActiveCfg = Debug|Win32
		{88F9CD6C-BF6D-473B-A4A0-EDB1C7F57C62}.Debug|x86.Build.0 = Debug|Win32
		{88F9CD6C-BF6D-473B-A4A0-EDB1C7F57C62}.Release|x64.ActiveCfg = Release|x64
		{88F9CD6C-BF6D-473B-A4A0-EDB1C7F57C62}.Release|x64.Build.0 = Release|x64
		{88F9CD6C-BF6D-473B-A4A0-EDB1C7F57C62}.Release|x86.ActiveCfg = Release|Win32
		{88F9CD6C-BF6D-473B-A4A0-EDB1C7F57C62}.Release|x86.Build.0 = Release|Win32
		{1EA29A42-AEF8-45A7-83EC-2E5400893596}.Debug|x64.ActiveCfg = Debug|x64
		{1EA29A42-AEF8-45A7-83EC-2E5400893596}.Debug|x64.Build.0 = Debug|x64
		{1EA29A42-AEF8-45A7-83EC-2E5400893596}.Debug|x86.ActiveCfg = Debug|Win32
		{1EA29A42-AEF8-45A7-83EC-2E5400893596}.Debug|x86.Build.0 = Debug|Win32
		{1EA29A42-AEF8-45A7-83EC-2E5400893596}.Release|x64.ActiveCfg = Release|x64
		{1EA29A42-AEF8-45A7-83EC-2E5400893596}.Release|x64.Build.0 = Release|x64
		{1EA29A42-AEF8-45A7-83EC-2E5400893596}.Release|x86.ActiveCfg = Release|Win32
		{1EA29A42-AEF8-45A7-83EC-2E5400893596}.Release|x86.Build.0 = Release|Win32
		{00D6C615-EA3A-4D90-A09C-24D743918EFF}.Debug|x64.ActiveCfg = Debug|x64
		{00D6C615-EA3A-4D90-A09C-24D743918EFF}.Debug|x64.Build.0 = Debug|x64
		{00D6C615-EA3A-4D90-A09C-24D743918EFF}.Debug|x86.ActiveCfg = Debug|Win32
		{00D6C615-EA3A-4D90-A09C-24D743918EFF}.Debug|x86.Build.0 = Debug|Win32
		{00D6C615-EA3A-4D90-A09C-24D743918EFF}.Release|x64.ActiveCfg = Release|x64
		{00D6C615-EA3A-4D90-A09C-24D743918EFF}.Release|x64.Build.0 = Release|x64
		{00D6C615-EA3A-4D90-A09C-24D743918EFF}.Release|x86.ActiveCfg = Release|Win32
		{00D6C615-EA3A-4D90-A09C-24D743918EFF}.Release|x86.Build.0 = Release|Win32
		{9C776AA4-29BB-480F-BADC-2D5385D4BA54}.Debug|x64.ActiveCfg = Debug|x64
		{9C776AA4-29BB-480F-BADC-2D5385D4BA54}.Debug|x64.Build.0 = Debug|x64
		{9C776AA4-29BB-480F-BADC-2D5385D4BA54}.Debug|x86.ActiveCfg = Debug|Win32
		{9C776AA4-29BB-480F-BADC-2D5385D4BA54}.Debug|x86.Build.0 = Debug|Win32
		{9C776AA4-29BB-480F-BADC-2D5385D4BA54}.Release|x64.ActiveCfg = Release|x64
		{9C776AA4-29BB-480F-BADC-2D5385D4BA54}.Release|x64.Build.0 = Release|x64
		{9C776AA4-29BB-480F-BADC-2D5385D4BA54}.Release|x86.ActiveCfg = Release|Win32
		{9C776AA4-29BB-480F-BADC-2D5385D4BA54}.Release|x86.Build.0 = Release|Win32
		{5B0E07A2-6928-44E0-AF0A-445B067C71CC}.Debug|x64.ActiveCfg = Debug|x64
		{5B0E07A2-6928-44E0-AF0A-445B067C71CC}.Debug|x64.Build.0 = Debug|x64
		{5B0E07A2-6928-44E0-AF0A-445B067C71CC}.Debug|x86.ActiveCfg = Debug|Win32
		{5B0E07A2-6928-44E0-AF0A-445B067C71CC}.Debug|x86.Build.0 = Debug|Win32
		{5B0E07A2-6928-44E0-AF0A-445B067C71CC}.Release|x64.ActiveCfg = Release|x64
		{5B0E07A2-6928-44E0-AF0A-445B067C71CC}.Release|x64.Build.0 = Release|x64
		{5B0E07A2-6928-44E0-AF0A-445B067C71CC}.Release|x86.ActiveCfg = Release|Win32
		{5B0E07A2-6928-44E0-AF0A-445B067C71CC}.Release|x86.Build.0 = Release|Win32
		{F0ECB283-2E19-4E9D-870E-3A2987895B24}.Debug|x64.ActiveCfg = Debug|x64
		{F0ECB283-2E19-4E9D-870E-3A2987895B24}.Debug|x64.Build.0 = Debug|x64
		{F0ECB283-2E19-4E9D-870E-3A2987895B24}.Debug|x86.ActiveCfg = Debug|Win32
		{F0ECB283-2E19-4E9D-870E-3A2987895B24}.Debug|x86.Build.0 = Debug|Win32
		{F0ECB283-2E19-4E9D-870E-3A2987895B24}.Release|x64.ActiveCfg = Release|x64
		{F0ECB283-2E19-4E9D-870E-3A2987895B24}.Release|x64.Build.0 = Release|x64
		{F0ECB283-2E19-4E9D-870E-3A2987895B24}.Release|x86.ActiveCfg = Release|Win32
		{F0ECB283-2E19-4E9D-870E-3A2987895B24}.Release|x86.Build.0 = Release|Win32
		{753E4F08-C3BC-4818-9296-68D5E2830476}.Debug|x64.ActiveCfg = Debug|x64
		{753E4F08-C3BC-4818-9296-68D5E2830476}.Debug|x64.Build.0 = Debug|x64
		{753E4F08-C3BC-4818-9296-68D5E2830476}.Debug|x86.ActiveCfg = Debug|Win32
		{753E4F08-C3BC-4818-9296-68D5E2830476}.Debug|x86.Build.0 = Debug|Win32
		{753E4F08-C3BC-4818-9296-68D5E2830476}.Release|x64.ActiveCfg = Release|x64
		{753E4F08-C3BC-4818-9296-68D5E2830476}.Release|x64.Build.0 = Release|x64
		{753E4F08-C3BC-4818-9296-68D5E2830476}.Release|x86.ActiveCfg = Release|Win32
		{753E4F08-C3BC-4818-9296-68D5E2830476}.Release|x86.Build.0 = Release|Win32
		{5B01D900-2359-44CA-9914-6B0C6AFB7BE7}.Debug|x64.ActiveCfg = Debug|x64
		{5B01D900-2359-44CA-9914-6B0C6AFB7BE7}.Debug|x64.Build.0 = Debug|x64
		{5B01D900-2359-44CA-9914-6B0C6AFB7BE7}.Debug|x86.ActiveCfg = Debug|Win32
		{5B01D900-2359-44CA-9914-6B0C6AFB7BE7}.Debug|x86.Build.0 = Debug|Win32
		{5B01D900-2359-44CA-9914-6B0C6AFB7BE7}.Release|x64.ActiveCfg = Release|x64
		{5B01D900-2359-44CA-9914-6B0C6AFB7BE7}.Release|x64.Build.0 = Release|x64
		{5B01D900-2359-44CA-9914-6B0C6AFB7BE7}.Release|x86.ActiveCfg = Release|Win32
		{5B01D900-2359-44CA-9914-6B0C6AFB7BE7}.Release|x86.Build.0 = Release|Win32
		{0A569853-B3F6-4BE5-A7DA-F88EFCE68EC7}.Debug|x64.ActiveCfg = Debug|x64
		{0A569853-B3F6-4BE5-A7DA-F88EFCE68EC7}.Debug|x64.Build.0 = Debug|x64
		{0A569853-B3F6-4BE5-A7DA-F88EFCE68EC7}.Debug|x86.ActiveCfg = Debug|Win32
		{0A569853-B3F6-4BE5-A7DA-F88EFCE68EC7}.Debug|x86.Build.0 = Debug|Win32
		{0A569853-B3F6-4BE5-A7DA-F88EFCE68EC7}.Release|x64.ActiveCfg = Release|x64
		{0A569853-B3F6-4BE5-A7DA-F88EFCE68EC7}.Release|x64.Build.0 = Release|x64
		{0A569853-B3F6-4BE5-A7DA-F88EFCE68EC7}.Release|x86.ActiveCfg = Release|Win32
		{0A569853-B3F6-4BE5-A7DA-F88EFCE68EC7}.Release|x86.Build.0 = Release|Win32
	EndGlobalSection
	GlobalSection(SolutionProperties) = preSolution
		HideSolutionNode = FALSE
	EndGlobalSection
	GlobalSection(NestedProjects) = preSolution
		{88F9CD6C-BF6D-473B-A4A0-EDB1C7F57C62} = {2B75A5E8-6145-4753-A185-48B11BD293C5}
		{1EA29A42-AEF8-45A7-83EC-2E5400893596} = {9EA0981F-4FD4-4E47-8DCB-E74A2ABAF78F}
		{00D6C615-EA3A-4D90-A09C-24D743918EFF} = {9EA0981F-4FD4-4E47-8DCB-E74A2ABAF78F}
		{9EA0981F-4FD4-4E47-8DCB-E74A2ABAF78F} = {88426CCE-5EAD-46F9-B3EB-2AA4F02F0796}
		{3A9C4149-02F2-4276-A81B-F93196E0A13E} = {88426CCE-5EAD-46F9-B3EB-2AA4F02F0796}
		{9C776AA4-29BB-480F-BADC-2D5385D4BA54} = {2B75A5E8-6145-4753-A185-48B11BD293C5}
		{5B0E07A2-6928-44E0-AF0A-445B067C71CC} = {3A9C4149-02F2-4276-A81B-F93196E0A13E}
		{F0ECB283-2E19-4E9D-870E-3A2987895B24} = {B8D87247-9087-4600-A7B9-37D696D12B1C}
		{753E4F08-C3BC-4818-9296-68D5E2830476} = {B8D87247-9087-4600-A7B9-37D696D12B1C}
		{9C9DC4DD-A192-46D9-BD4F-8D3FECEED122} = {88426CCE-5EAD-46F9-B3EB-2AA4F02F0796}
		{5B01D900-2359-44CA-9914-6B0C6AFB7BE7} = {9C9DC4DD-A192-46D9-BD4F-8D3FECEED122}
		{0A569853-B3F6-4BE5-A7DA-F88EFCE68EC7} = {31944A4F-4379-42ED-8134-785A272EEC9D}
		{31944A4F-4379-42ED-8134-785A272EEC9D} = {88426CCE-5EAD-46F9-B3EB-2AA4F02F0796}
	EndGlobalSection
	GlobalSection(ExtensibilityGlobals) = postSolution
		SolutionGuid = {2B863EA8-E487-403D-B6F8-2CBF18AEEC46}
	EndGlobalSection
EndGlobal
