Microsoft Visual Studio Solution File, Format Version 12.00
# Visual Studio 14
VisualStudioVersion = 14.0.25420.1
MinimumVisualStudioVersion = 10.0.40219.1
Project("{8BC9CEB8-8B4A-11D0-8D11-00A0C91BC942}") = "furikuri", "furikuri\furikuri.vcxproj", "{88F9CD6C-BF6D-473B-A4A0-EDB1C7F57C62}"
	ProjectSection(ProjectDependencies) = postProject
		{1EA29A42-AEF8-45A7-83EC-2E5400893596} = {1EA29A42-AEF8-45A7-83EC-2E5400893596}
		{7CEAA042-32B2-4858-A57E-4899058536C4} = {7CEAA042-32B2-4858-A57E-4899058536C4}
	EndProjectSection
EndProject
Project("{8BC9CEB8-8B4A-11D0-8D11-00A0C91BC942}") = "shibari", "shibari\shibari\shibari.vcxproj", "{1EA29A42-AEF8-45A7-83EC-2E5400893596}"
	ProjectSection(ProjectDependencies) = postProject
		{5B0E07A2-6928-44E0-AF0A-445B067C71CC} = {5B0E07A2-6928-44E0-AF0A-445B067C71CC}
	EndProjectSection
EndProject
Project("{8BC9CEB8-8B4A-11D0-8D11-00A0C91BC942}") = "enma_pe", "shibari\enma_pe\enma_pe\enma_pe.vcxproj", "{5B0E07A2-6928-44E0-AF0A-445B067C71CC}"
EndProject
Project("{8BC9CEB8-8B4A-11D0-8D11-00A0C91BC942}") = "shibari_console", "shibari\shibari_console\shibari_console.vcxproj", "{00D6C615-EA3A-4D90-A09C-24D743918EFF}"
	ProjectSection(ProjectDependencies) = postProject
		{1EA29A42-AEF8-45A7-83EC-2E5400893596} = {1EA29A42-AEF8-45A7-83EC-2E5400893596}
	EndProjectSection
EndProject
Project("{2150E333-8FDC-42A3-9474-1A3956D46DE8}") = "shibari_project", "shibari_project", "{9EA0981F-4FD4-4E47-8DCB-E74A2ABAF78F}"
EndProject
Project("{2150E333-8FDC-42A3-9474-1A3956D46DE8}") = "enma", "enma", "{3A9C4149-02F2-4276-A81B-F93196E0A13E}"
EndProject
Project("{2150E333-8FDC-42A3-9474-1A3956D46DE8}") = "distorm", "distorm", "{53FA9894-49E6-4F52-9E3E-F85FE44350EC}"
EndProject
Project("{8BC9CEB8-8B4A-11D0-8D11-00A0C91BC942}") = "distorm_lib", "distorm_lib\distorm_lib.vcxproj", "{7CEAA042-32B2-4858-A57E-4899058536C4}"
EndProject
Global
	GlobalSection(SolutionConfigurationPlatforms) = preSolution
		clib|Win32 = clib|Win32
		clib|x64 = clib|x64
		clib|x86 = clib|x86
		Debug|Win32 = Debug|Win32
		Debug|x64 = Debug|x64
		Debug|x86 = Debug|x86
		dll|Win32 = dll|Win32
		dll|x64 = dll|x64
		dll|x86 = dll|x86
		Release|Win32 = Release|Win32
		Release|x64 = Release|x64
		Release|x86 = Release|x86
	EndGlobalSection
	GlobalSection(ProjectConfigurationPlatforms) = postSolution
		{88F9CD6C-BF6D-473B-A4A0-EDB1C7F57C62}.clib|Win32.ActiveCfg = Release|Win32
		{88F9CD6C-BF6D-473B-A4A0-EDB1C7F57C62}.clib|Win32.Build.0 = Release|Win32
		{88F9CD6C-BF6D-473B-A4A0-EDB1C7F57C62}.clib|x64.ActiveCfg = Release|x64
		{88F9CD6C-BF6D-473B-A4A0-EDB1C7F57C62}.clib|x64.Build.0 = Release|x64
		{88F9CD6C-BF6D-473B-A4A0-EDB1C7F57C62}.clib|x86.ActiveCfg = Release|Win32
		{88F9CD6C-BF6D-473B-A4A0-EDB1C7F57C62}.clib|x86.Build.0 = Release|Win32
		{88F9CD6C-BF6D-473B-A4A0-EDB1C7F57C62}.Debug|Win32.ActiveCfg = Debug|Win32
		{88F9CD6C-BF6D-473B-A4A0-EDB1C7F57C62}.Debug|Win32.Build.0 = Debug|Win32
		{88F9CD6C-BF6D-473B-A4A0-EDB1C7F57C62}.Debug|x64.ActiveCfg = Debug|x64
		{88F9CD6C-BF6D-473B-A4A0-EDB1C7F57C62}.Debug|x64.Build.0 = Debug|x64
		{88F9CD6C-BF6D-473B-A4A0-EDB1C7F57C62}.Debug|x86.ActiveCfg = Debug|Win32
		{88F9CD6C-BF6D-473B-A4A0-EDB1C7F57C62}.Debug|x86.Build.0 = Debug|Win32
		{88F9CD6C-BF6D-473B-A4A0-EDB1C7F57C62}.dll|Win32.ActiveCfg = Debug|Win32
		{88F9CD6C-BF6D-473B-A4A0-EDB1C7F57C62}.dll|Win32.Build.0 = Debug|Win32
		{88F9CD6C-BF6D-473B-A4A0-EDB1C7F57C62}.dll|x64.ActiveCfg = Debug|x64
		{88F9CD6C-BF6D-473B-A4A0-EDB1C7F57C62}.dll|x64.Build.0 = Debug|x64
		{88F9CD6C-BF6D-473B-A4A0-EDB1C7F57C62}.dll|x86.ActiveCfg = Debug|Win32
		{88F9CD6C-BF6D-473B-A4A0-EDB1C7F57C62}.dll|x86.Build.0 = Debug|Win32
		{88F9CD6C-BF6D-473B-A4A0-EDB1C7F57C62}.Release|Win32.ActiveCfg = Release|Win32
		{88F9CD6C-BF6D-473B-A4A0-EDB1C7F57C62}.Release|Win32.Build.0 = Release|Win32
		{88F9CD6C-BF6D-473B-A4A0-EDB1C7F57C62}.Release|x64.ActiveCfg = Release|x64
		{88F9CD6C-BF6D-473B-A4A0-EDB1C7F57C62}.Release|x64.Build.0 = Release|x64
		{88F9CD6C-BF6D-473B-A4A0-EDB1C7F57C62}.Release|x86.ActiveCfg = Release|Win32
		{88F9CD6C-BF6D-473B-A4A0-EDB1C7F57C62}.Release|x86.Build.0 = Release|Win32
		{1EA29A42-AEF8-45A7-83EC-2E5400893596}.clib|Win32.ActiveCfg = Release|Win32
		{1EA29A42-AEF8-45A7-83EC-2E5400893596}.clib|Win32.Build.0 = Release|Win32
		{1EA29A42-AEF8-45A7-83EC-2E5400893596}.clib|x64.ActiveCfg = Release|x64
		{1EA29A42-AEF8-45A7-83EC-2E5400893596}.clib|x64.Build.0 = Release|x64
		{1EA29A42-AEF8-45A7-83EC-2E5400893596}.clib|x86.ActiveCfg = Release|Win32
		{1EA29A42-AEF8-45A7-83EC-2E5400893596}.clib|x86.Build.0 = Release|Win32
		{1EA29A42-AEF8-45A7-83EC-2E5400893596}.Debug|Win32.ActiveCfg = Debug|Win32
		{1EA29A42-AEF8-45A7-83EC-2E5400893596}.Debug|Win32.Build.0 = Debug|Win32
		{1EA29A42-AEF8-45A7-83EC-2E5400893596}.Debug|x64.ActiveCfg = Debug|x64
		{1EA29A42-AEF8-45A7-83EC-2E5400893596}.Debug|x64.Build.0 = Debug|x64
		{1EA29A42-AEF8-45A7-83EC-2E5400893596}.Debug|x86.ActiveCfg = Debug|Win32
		{1EA29A42-AEF8-45A7-83EC-2E5400893596}.Debug|x86.Build.0 = Debug|Win32
		{1EA29A42-AEF8-45A7-83EC-2E5400893596}.dll|Win32.ActiveCfg = Debug|Win32
		{1EA29A42-AEF8-45A7-83EC-2E5400893596}.dll|Win32.Build.0 = Debug|Win32
		{1EA29A42-AEF8-45A7-83EC-2E5400893596}.dll|x64.ActiveCfg = Debug|x64
		{1EA29A42-AEF8-45A7-83EC-2E5400893596}.dll|x64.Build.0 = Debug|x64
		{1EA29A42-AEF8-45A7-83EC-2E5400893596}.dll|x86.ActiveCfg = Debug|Win32
		{1EA29A42-AEF8-45A7-83EC-2E5400893596}.dll|x86.Build.0 = Debug|Win32
		{1EA29A42-AEF8-45A7-83EC-2E5400893596}.Release|Win32.ActiveCfg = Release|Win32
		{1EA29A42-AEF8-45A7-83EC-2E5400893596}.Release|Win32.Build.0 = Release|Win32
		{1EA29A42-AEF8-45A7-83EC-2E5400893596}.Release|x64.ActiveCfg = Release|x64
		{1EA29A42-AEF8-45A7-83EC-2E5400893596}.Release|x64.Build.0 = Release|x64
		{1EA29A42-AEF8-45A7-83EC-2E5400893596}.Release|x86.ActiveCfg = Release|Win32
		{1EA29A42-AEF8-45A7-83EC-2E5400893596}.Release|x86.Build.0 = Release|Win32
		{5B0E07A2-6928-44E0-AF0A-445B067C71CC}.clib|Win32.ActiveCfg = Release|Win32
		{5B0E07A2-6928-44E0-AF0A-445B067C71CC}.clib|Win32.Build.0 = Release|Win32
		{5B0E07A2-6928-44E0-AF0A-445B067C71CC}.clib|x64.ActiveCfg = Release|x64
		{5B0E07A2-6928-44E0-AF0A-445B067C71CC}.clib|x64.Build.0 = Release|x64
		{5B0E07A2-6928-44E0-AF0A-445B067C71CC}.clib|x86.ActiveCfg = Release|Win32
		{5B0E07A2-6928-44E0-AF0A-445B067C71CC}.clib|x86.Build.0 = Release|Win32
		{5B0E07A2-6928-44E0-AF0A-445B067C71CC}.Debug|Win32.ActiveCfg = Debug|Win32
		{5B0E07A2-6928-44E0-AF0A-445B067C71CC}.Debug|Win32.Build.0 = Debug|Win32
		{5B0E07A2-6928-44E0-AF0A-445B067C71CC}.Debug|x64.ActiveCfg = Debug|x64
		{5B0E07A2-6928-44E0-AF0A-445B067C71CC}.Debug|x64.Build.0 = Debug|x64
		{5B0E07A2-6928-44E0-AF0A-445B067C71CC}.Debug|x86.ActiveCfg = Debug|Win32
		{5B0E07A2-6928-44E0-AF0A-445B067C71CC}.Debug|x86.Build.0 = Debug|Win32
		{5B0E07A2-6928-44E0-AF0A-445B067C71CC}.dll|Win32.ActiveCfg = Debug|Win32
		{5B0E07A2-6928-44E0-AF0A-445B067C71CC}.dll|Win32.Build.0 = Debug|Win32
		{5B0E07A2-6928-44E0-AF0A-445B067C71CC}.dll|x64.ActiveCfg = Debug|x64
		{5B0E07A2-6928-44E0-AF0A-445B067C71CC}.dll|x64.Build.0 = Debug|x64
		{5B0E07A2-6928-44E0-AF0A-445B067C71CC}.dll|x86.ActiveCfg = Debug|Win32
		{5B0E07A2-6928-44E0-AF0A-445B067C71CC}.dll|x86.Build.0 = Debug|Win32
		{5B0E07A2-6928-44E0-AF0A-445B067C71CC}.Release|Win32.ActiveCfg = Release|Win32
		{5B0E07A2-6928-44E0-AF0A-445B067C71CC}.Release|Win32.Build.0 = Release|Win32
		{5B0E07A2-6928-44E0-AF0A-445B067C71CC}.Release|x64.ActiveCfg = Release|x64
		{5B0E07A2-6928-44E0-AF0A-445B067C71CC}.Release|x64.Build.0 = Release|x64
		{5B0E07A2-6928-44E0-AF0A-445B067C71CC}.Release|x86.ActiveCfg = Release|Win32
		{5B0E07A2-6928-44E0-AF0A-445B067C71CC}.Release|x86.Build.0 = Release|Win32
		{00D6C615-EA3A-4D90-A09C-24D743918EFF}.clib|Win32.ActiveCfg = Release|Win32
		{00D6C615-EA3A-4D90-A09C-24D743918EFF}.clib|Win32.Build.0 = Release|Win32
		{00D6C615-EA3A-4D90-A09C-24D743918EFF}.clib|x64.ActiveCfg = Release|x64
		{00D6C615-EA3A-4D90-A09C-24D743918EFF}.clib|x64.Build.0 = Release|x64
		{00D6C615-EA3A-4D90-A09C-24D743918EFF}.clib|x86.ActiveCfg = Release|Win32
		{00D6C615-EA3A-4D90-A09C-24D743918EFF}.clib|x86.Build.0 = Release|Win32
		{00D6C615-EA3A-4D90-A09C-24D743918EFF}.Debug|Win32.ActiveCfg = Debug|Win32
		{00D6C615-EA3A-4D90-A09C-24D743918EFF}.Debug|Win32.Build.0 = Debug|Win32
		{00D6C615-EA3A-4D90-A09C-24D743918EFF}.Debug|x64.ActiveCfg = Debug|x64
		{00D6C615-EA3A-4D90-A09C-24D743918EFF}.Debug|x64.Build.0 = Debug|x64
		{00D6C615-EA3A-4D90-A09C-24D743918EFF}.Debug|x86.ActiveCfg = Debug|Win32
		{00D6C615-EA3A-4D90-A09C-24D743918EFF}.Debug|x86.Build.0 = Debug|Win32
		{00D6C615-EA3A-4D90-A09C-24D743918EFF}.dll|Win32.ActiveCfg = Debug|Win32
		{00D6C615-EA3A-4D90-A09C-24D743918EFF}.dll|Win32.Build.0 = Debug|Win32
		{00D6C615-EA3A-4D90-A09C-24D743918EFF}.dll|x64.ActiveCfg = Debug|x64
		{00D6C615-EA3A-4D90-A09C-24D743918EFF}.dll|x64.Build.0 = Debug|x64
		{00D6C615-EA3A-4D90-A09C-24D743918EFF}.dll|x86.ActiveCfg = Debug|Win32
		{00D6C615-EA3A-4D90-A09C-24D743918EFF}.dll|x86.Build.0 = Debug|Win32
		{00D6C615-EA3A-4D90-A09C-24D743918EFF}.Release|Win32.ActiveCfg = Release|Win32
		{00D6C615-EA3A-4D90-A09C-24D743918EFF}.Release|Win32.Build.0 = Release|Win32
		{00D6C615-EA3A-4D90-A09C-24D743918EFF}.Release|x64.ActiveCfg = Release|x64
		{00D6C615-EA3A-4D90-A09C-24D743918EFF}.Release|x64.Build.0 = Release|x64
		{00D6C615-EA3A-4D90-A09C-24D743918EFF}.Release|x86.ActiveCfg = Release|Win32
		{00D6C615-EA3A-4D90-A09C-24D743918EFF}.Release|x86.Build.0 = Release|Win32
		{7CEAA042-32B2-4858-A57E-4899058536C4}.clib|Win32.ActiveCfg = Release|Win32
		{7CEAA042-32B2-4858-A57E-4899058536C4}.clib|Win32.Build.0 = Release|Win32
		{7CEAA042-32B2-4858-A57E-4899058536C4}.clib|x64.ActiveCfg = Release|x64
		{7CEAA042-32B2-4858-A57E-4899058536C4}.clib|x64.Build.0 = Release|x64
		{7CEAA042-32B2-4858-A57E-4899058536C4}.clib|x86.ActiveCfg = Release|Win32
		{7CEAA042-32B2-4858-A57E-4899058536C4}.clib|x86.Build.0 = Release|Win32
		{7CEAA042-32B2-4858-A57E-4899058536C4}.Debug|Win32.ActiveCfg = Debug|Win32
		{7CEAA042-32B2-4858-A57E-4899058536C4}.Debug|Win32.Build.0 = Debug|Win32
		{7CEAA042-32B2-4858-A57E-4899058536C4}.Debug|x64.ActiveCfg = Debug|x64
		{7CEAA042-32B2-4858-A57E-4899058536C4}.Debug|x64.Build.0 = Debug|x64
		{7CEAA042-32B2-4858-A57E-4899058536C4}.Debug|x86.ActiveCfg = Debug|Win32
		{7CEAA042-32B2-4858-A57E-4899058536C4}.Debug|x86.Build.0 = Debug|Win32
		{7CEAA042-32B2-4858-A57E-4899058536C4}.dll|Win32.ActiveCfg = Debug|Win32
		{7CEAA042-32B2-4858-A57E-4899058536C4}.dll|Win32.Build.0 = Debug|Win32
		{7CEAA042-32B2-4858-A57E-4899058536C4}.dll|x64.ActiveCfg = Debug|x64
		{7CEAA042-32B2-4858-A57E-4899058536C4}.dll|x64.Build.0 = Debug|x64
		{7CEAA042-32B2-4858-A57E-4899058536C4}.dll|x86.ActiveCfg = Debug|Win32
		{7CEAA042-32B2-4858-A57E-4899058536C4}.dll|x86.Build.0 = Debug|Win32
		{7CEAA042-32B2-4858-A57E-4899058536C4}.Release|Win32.ActiveCfg = Release|Win32
		{7CEAA042-32B2-4858-A57E-4899058536C4}.Release|Win32.Build.0 = Release|Win32
		{7CEAA042-32B2-4858-A57E-4899058536C4}.Release|x64.ActiveCfg = Release|x64
		{7CEAA042-32B2-4858-A57E-4899058536C4}.Release|x64.Build.0 = Release|x64
		{7CEAA042-32B2-4858-A57E-4899058536C4}.Release|x86.ActiveCfg = Release|Win32
		{7CEAA042-32B2-4858-A57E-4899058536C4}.Release|x86.Build.0 = Release|Win32
	EndGlobalSection
	GlobalSection(SolutionProperties) = preSolution
		HideSolutionNode = FALSE
	EndGlobalSection
	GlobalSection(NestedProjects) = preSolution
		{1EA29A42-AEF8-45A7-83EC-2E5400893596} = {9EA0981F-4FD4-4E47-8DCB-E74A2ABAF78F}
		{5B0E07A2-6928-44E0-AF0A-445B067C71CC} = {3A9C4149-02F2-4276-A81B-F93196E0A13E}
		{00D6C615-EA3A-4D90-A09C-24D743918EFF} = {9EA0981F-4FD4-4E47-8DCB-E74A2ABAF78F}
		{7CEAA042-32B2-4858-A57E-4899058536C4} = {53FA9894-49E6-4F52-9E3E-F85FE44350EC}
	EndGlobalSection
EndGlobal
