<?xml version="1.0" encoding="utf-8"?>
<Project ToolsVersion="4.0" xmlns="http://schemas.microsoft.com/developer/msbuild/2003">
  <ItemGroup>
    <Filter Include="Файлы исходного кода">
      <UniqueIdentifier>{4FC737F1-C7A5-4376-A066-2A32D752A2FF}</UniqueIdentifier>
      <Extensions>cpp;c;cc;cxx;def;odl;idl;hpj;bat;asm;asmx</Extensions>
    </Filter>
    <Filter Include="Заголовочные файлы">
      <UniqueIdentifier>{93995380-89BD-4b04-88EB-625FBE52EBFB}</UniqueIdentifier>
      <Extensions>h;hh;hpp;hxx;hm;inl;inc;xsd</Extensions>
    </Filter>
    <Filter Include="Заголовочные файлы\furikuri">
      <UniqueIdentifier>{47d56a82-b17d-4269-87c2-b1f5200dd68c}</UniqueIdentifier>
    </Filter>
    <Filter Include="Заголовочные файлы\furikuri\fuku_asm">
      <UniqueIdentifier>{f1c3563a-955b-4d95-97c0-ea1ec090ea0f}</UniqueIdentifier>
    </Filter>
    <Filter Include="Заголовочные файлы\furikuri\fuku_asm\x86">
      <UniqueIdentifier>{92714ac7-5b5a-4ed7-8f54-6d1f6c7ed4ad}</UniqueIdentifier>
    </Filter>
    <Filter Include="Заголовочные файлы\furikuri\fuku_asm\x64">
      <UniqueIdentifier>{c6bdc549-d0ba-469a-9003-57ca0ab99970}</UniqueIdentifier>
    </Filter>
    <Filter Include="Заголовочные файлы\furikuri\fuku_code">
      <UniqueIdentifier>{acd4d3f4-33f1-43b5-94da-77899a6d2ec3}</UniqueIdentifier>
    </Filter>
    <Filter Include="Заголовочные файлы\furikuri\fuku_code\fuku_code_analyzer">
      <UniqueIdentifier>{a0dae202-b54d-45bc-9767-e5812da284b0}</UniqueIdentifier>
    </Filter>
    <Filter Include="Заголовочные файлы\furikuri\fuku_debug_info">
      <UniqueIdentifier>{e2046fc9-1775-4911-943d-a11ecec9e5a7}</UniqueIdentifier>
    </Filter>
    <Filter Include="Заголовочные файлы\furikuri\fuku_debug_info\fuku_tds">
      <UniqueIdentifier>{1ccebe1c-37c9-4137-9c2b-6a6077451fa6}</UniqueIdentifier>
    </Filter>
    <Filter Include="Заголовочные файлы\furikuri\fuku_debug_info\fuku_pdb">
      <UniqueIdentifier>{1f4190dd-5d7a-43c4-8db6-cc4dd5b51e0d}</UniqueIdentifier>
    </Filter>
    <Filter Include="Заголовочные файлы\furikuri\fuku_debug_info\fuku_map">
      <UniqueIdentifier>{315d4f5b-cd5d-4ca9-92c8-10586ca48f38}</UniqueIdentifier>
    </Filter>
    <Filter Include="Заголовочные файлы\furikuri\fuku_debug_info\fuku_map\bolrand">
      <UniqueIdentifier>{750ed0a3-45af-4184-a806-313996952718}</UniqueIdentifier>
    </Filter>
    <Filter Include="Заголовочные файлы\furikuri\fuku_debug_info\fuku_map\msvc">
      <UniqueIdentifier>{40b42aa9-6851-47b5-bde7-364512ae3286}</UniqueIdentifier>
    </Filter>
    <Filter Include="Заголовочные файлы\furikuri\fuku_code\fuku_instruction">
      <UniqueIdentifier>{1992578b-db89-4276-aca4-97eecbc1c7a3}</UniqueIdentifier>
    </Filter>
    <Filter Include="Заголовочные файлы\furikuri\fuku_protector">
      <UniqueIdentifier>{b1ec361b-10a5-4861-b39b-f8c1d18bb7d1}</UniqueIdentifier>
    </Filter>
    <Filter Include="Заголовочные файлы\furikuri\fuku_protector\fuku_prot">
      <UniqueIdentifier>{c0c9f967-82f1-4350-9757-80f028b78f15}</UniqueIdentifier>
    </Filter>
    <Filter Include="Заголовочные файлы\furikuri\fuku_code\fuku_vm_instruction">
      <UniqueIdentifier>{6e58bcfb-01b6-42b9-a60f-11edb9514a20}</UniqueIdentifier>
    </Filter>
    <Filter Include="Заголовочные файлы\furikuri\fuku_code\fuku_code_holder">
      <UniqueIdentifier>{2033c11f-9408-408e-a84e-528150b265ce}</UniqueIdentifier>
    </Filter>
    <Filter Include="Заголовочные файлы\furikuri\fuku_protector\fuku_code_defender">
      <UniqueIdentifier>{514278ee-9057-4bb8-9e9a-8fd9a4d79d45}</UniqueIdentifier>
    </Filter>
    <Filter Include="Заголовочные файлы\furikuri\fuku_protector\fuku_code_defender\fuku_vm">
      <UniqueIdentifier>{b10e78d1-0510-4dbb-94cd-b99a543cb725}</UniqueIdentifier>
    </Filter>
    <Filter Include="Заголовочные файлы\furikuri\fuku_protector\fuku_code_defender\fuku_vm\fuku_virtualizer_imp">
      <UniqueIdentifier>{120955fa-a672-41be-a201-73a7b3d8da10}</UniqueIdentifier>
    </Filter>
    <Filter Include="Заголовочные файлы\furikuri\fuku_protector\fuku_code_defender\fuku_vm\fuku_virtualizer_imp\x86">
      <UniqueIdentifier>{b6814b8a-4984-45b7-82fd-5bcabcbe3b7a}</UniqueIdentifier>
    </Filter>
    <Filter Include="Заголовочные файлы\furikuri\fuku_protector\fuku_code_defender\fuku_vm\fuku_virtualizer_imp\x64">
      <UniqueIdentifier>{b7e713aa-eafd-43e6-9156-5ba1c1c70954}</UniqueIdentifier>
    </Filter>
    <Filter Include="Заголовочные файлы\furikuri\fuku_protector\fuku_code_defender\fuku_obfuscator">
      <UniqueIdentifier>{3bb0ab87-e93b-416a-807d-e4ae9cee945a}</UniqueIdentifier>
    </Filter>
    <Filter Include="Заголовочные файлы\furikuri\fuku_protector\fuku_code_defender\fuku_obfuscator\fuku_mutation_imp">
      <UniqueIdentifier>{be02e024-84aa-40da-8397-1033a70cfd64}</UniqueIdentifier>
    </Filter>
    <Filter Include="Заголовочные файлы\furikuri\fuku_protector\fuku_code_defender\fuku_obfuscator\fuku_mutation_imp\x86">
      <UniqueIdentifier>{1bed7b29-aa69-4f65-b0f2-ff60b7b0b303}</UniqueIdentifier>
    </Filter>
    <Filter Include="Заголовочные файлы\furikuri\fuku_protector\fuku_code_defender\fuku_obfuscator\fuku_mutation_imp\x64">
      <UniqueIdentifier>{8c1583e0-a42d-4039-84a1-24d892d64829}</UniqueIdentifier>
    </Filter>
    <Filter Include="Заголовочные файлы\furikuri\fuku_protector\fuku_code_defender\fuku_obfuscator\fuku_mutation_imp\x86\rules">
      <UniqueIdentifier>{9f4a6c91-2491-4e3b-aee7-04118c73393f}</UniqueIdentifier>
    </Filter>
  </ItemGroup>
  <ItemGroup>
    <ClInclude Include="stdafx.h">
      <Filter>Заголовочные файлы</Filter>
    </ClInclude>
    <ClInclude Include="furikuri.h">
      <Filter>Заголовочные файлы\furikuri</Filter>
    </ClInclude>
    <ClInclude Include="fuku_asm.h">
      <Filter>Заголовочные файлы\furikuri\fuku_asm</Filter>
    </ClInclude>
    <ClInclude Include="fuku_instruction.h">
      <Filter>Заголовочные файлы\furikuri\fuku_code\fuku_instruction</Filter>
    </ClInclude>
    <ClInclude Include="fuku_obfuscator.h">
      <Filter>Заголовочные файлы\furikuri\fuku_protector\fuku_code_defender\fuku_obfuscator</Filter>
    </ClInclude>
    <ClInclude Include="fuku_mutation_x64.h">
      <Filter>Заголовочные файлы\furikuri\fuku_protector\fuku_code_defender\fuku_obfuscator\fuku_mutation_imp\x64</Filter>
    </ClInclude>
    <ClInclude Include="fuku_mutation_x86.h">
      <Filter>Заголовочные файлы\furikuri\fuku_protector\fuku_code_defender\fuku_obfuscator\fuku_mutation_imp\x86</Filter>
    </ClInclude>
    <ClInclude Include="fuku_asm_x86.h">
      <Filter>Заголовочные файлы\furikuri\fuku_asm\x86</Filter>
    </ClInclude>
    <ClInclude Include="fuku_asm_x64.h">
      <Filter>Заголовочные файлы\furikuri\fuku_asm\x64</Filter>
    </ClInclude>
    <ClInclude Include="fuku_protector.h">
      <Filter>Заголовочные файлы\furikuri\fuku_protector</Filter>
    </ClInclude>
    <ClInclude Include="fuku_map.h">
      <Filter>Заголовочные файлы\furikuri\fuku_debug_info\fuku_map</Filter>
    </ClInclude>
    <ClInclude Include="fuku_pdb.h">
      <Filter>Заголовочные файлы\furikuri\fuku_debug_info\fuku_pdb</Filter>
    </ClInclude>
    <ClInclude Include="fuku_tds.h">
      <Filter>Заголовочные файлы\furikuri\fuku_debug_info\fuku_tds</Filter>
    </ClInclude>
    <ClInclude Include="fuku_msvc_map.h">
      <Filter>Заголовочные файлы\furikuri\fuku_debug_info\fuku_map\msvc</Filter>
    </ClInclude>
    <ClInclude Include="fuku_bolrand_map.h">
      <Filter>Заголовочные файлы\furikuri\fuku_debug_info\fuku_map\bolrand</Filter>
    </ClInclude>
    <ClInclude Include="fuku_debug_info.h">
      <Filter>Заголовочные файлы\furikuri\fuku_debug_info</Filter>
    </ClInclude>
    <ClInclude Include="fuku_code_analyzer.h">
      <Filter>Заголовочные файлы\furikuri\fuku_code\fuku_code_analyzer</Filter>
    </ClInclude>
    <ClInclude Include="fuku_mutation_imp.h">
      <Filter>Заголовочные файлы\furikuri\fuku_protector\fuku_code_defender\fuku_obfuscator\fuku_mutation_imp</Filter>
    </ClInclude>
    <ClInclude Include="fuku_vm_instruction.h">
      <Filter>Заголовочные файлы\furikuri\fuku_code\fuku_vm_instruction</Filter>
    </ClInclude>
    <ClInclude Include="fuku_virtualization_x64.h">
      <Filter>Заголовочные файлы\furikuri\fuku_protector\fuku_code_defender\fuku_vm\fuku_virtualizer_imp\x64</Filter>
    </ClInclude>
    <ClInclude Include="fuku_virtualization_x86.h">
      <Filter>Заголовочные файлы\furikuri\fuku_protector\fuku_code_defender\fuku_vm\fuku_virtualizer_imp\x86</Filter>
    </ClInclude>
    <ClInclude Include="fuku_virtualizer_imp.h">
      <Filter>Заголовочные файлы\furikuri\fuku_protector\fuku_code_defender\fuku_vm</Filter>
    </ClInclude>
    <ClInclude Include="fuku_prot_ob.h">
      <Filter>Заголовочные файлы\furikuri\fuku_protector\fuku_prot</Filter>
    </ClInclude>
    <ClInclude Include="fuku_prot_vm.h">
      <Filter>Заголовочные файлы\furikuri\fuku_protector\fuku_prot</Filter>
    </ClInclude>
    <ClInclude Include="fuku_code_holder.h">
      <Filter>Заголовочные файлы\furikuri\fuku_code\fuku_code_holder</Filter>
    </ClInclude>
    <ClInclude Include="fuku_mutation_x86_arith.h">
      <Filter>Заголовочные файлы\furikuri\fuku_protector\fuku_code_defender\fuku_obfuscator\fuku_mutation_imp\x86\rules</Filter>
    </ClInclude>
    <ClInclude Include="fuku_mutation_x86_graph.h">
      <Filter>Заголовочные файлы\furikuri\fuku_protector\fuku_code_defender\fuku_obfuscator\fuku_mutation_imp\x86\rules</Filter>
    </ClInclude>
    <ClInclude Include="fuku_mutation_x86_logical.h">
      <Filter>Заголовочные файлы\furikuri\fuku_protector\fuku_code_defender\fuku_obfuscator\fuku_mutation_imp\x86\rules</Filter>
    </ClInclude>
    <ClInclude Include="fuku_mutation_x86_junk.h">
      <Filter>Заголовочные файлы\furikuri\fuku_protector\fuku_code_defender\fuku_obfuscator\fuku_mutation_imp\x86\rules</Filter>
    </ClInclude>
    <ClInclude Include="fuku_mutation_x86_stack.h">
      <Filter>Заголовочные файлы\furikuri\fuku_protector\fuku_code_defender\fuku_obfuscator\fuku_mutation_imp\x86\rules</Filter>
    </ClInclude>
  </ItemGroup>
  <ItemGroup>
    <ClCompile Include="stdafx.cpp">
      <Filter>Файлы исходного кода</Filter>
    </ClCompile>
    <ClCompile Include="furikuri.cpp">
      <Filter>Заголовочные файлы\furikuri</Filter>
    </ClCompile>
    <ClCompile Include="fuku_instruction.cpp">
      <Filter>Заголовочные файлы\furikuri\fuku_code\fuku_instruction</Filter>
    </ClCompile>
    <ClCompile Include="fuku_obfuscator.cpp">
      <Filter>Заголовочные файлы\furikuri\fuku_protector\fuku_code_defender\fuku_obfuscator</Filter>
    </ClCompile>
    <ClCompile Include="fuku_mutation_x64.cpp">
      <Filter>Заголовочные файлы\furikuri\fuku_protector\fuku_code_defender\fuku_obfuscator\fuku_mutation_imp\x64</Filter>
    </ClCompile>
    <ClCompile Include="fuku_mutation_x86.cpp">
      <Filter>Заголовочные файлы\furikuri\fuku_protector\fuku_code_defender\fuku_obfuscator\fuku_mutation_imp\x86</Filter>
    </ClCompile>
    <ClCompile Include="fuku_asm_x86.cpp">
      <Filter>Заголовочные файлы\furikuri\fuku_asm\x86</Filter>
    </ClCompile>
    <ClCompile Include="fuku_asm_x64.cpp">
      <Filter>Заголовочные файлы\furikuri\fuku_asm\x64</Filter>
    </ClCompile>
    <ClCompile Include="fuku_protector.cpp">
      <Filter>Заголовочные файлы\furikuri\fuku_protector</Filter>
    </ClCompile>
    <ClCompile Include="fuku_map.cpp">
      <Filter>Заголовочные файлы\furikuri\fuku_debug_info\fuku_map</Filter>
    </ClCompile>
    <ClCompile Include="fuku_pdb.cpp">
      <Filter>Заголовочные файлы\furikuri\fuku_debug_info\fuku_pdb</Filter>
    </ClCompile>
    <ClCompile Include="fuku_tds.cpp">
      <Filter>Заголовочные файлы\furikuri\fuku_debug_info\fuku_tds</Filter>
    </ClCompile>
    <ClCompile Include="fuku_msvc_map.cpp">
      <Filter>Заголовочные файлы\furikuri\fuku_debug_info\fuku_map\msvc</Filter>
    </ClCompile>
    <ClCompile Include="fuku_bolrand_map.cpp">
      <Filter>Заголовочные файлы\furikuri\fuku_debug_info\fuku_map\bolrand</Filter>
    </ClCompile>
    <ClCompile Include="fuku_code_analyzer.cpp">
      <Filter>Заголовочные файлы\furikuri\fuku_code\fuku_code_analyzer</Filter>
    </ClCompile>
    <ClCompile Include="fuku_vm_instruction.cpp">
      <Filter>Заголовочные файлы\furikuri\fuku_code\fuku_vm_instruction</Filter>
    </ClCompile>
    <ClCompile Include="fuku_virtualization_x64.cpp">
      <Filter>Заголовочные файлы\furikuri\fuku_protector\fuku_code_defender\fuku_vm\fuku_virtualizer_imp\x64</Filter>
    </ClCompile>
    <ClCompile Include="fuku_virtualization_x86.cpp">
      <Filter>Заголовочные файлы\furikuri\fuku_protector\fuku_code_defender\fuku_vm\fuku_virtualizer_imp\x86</Filter>
    </ClCompile>
    <ClCompile Include="fuku_code_holder.cpp">
      <Filter>Заголовочные файлы\furikuri\fuku_code\fuku_code_holder</Filter>
    </ClCompile>
  </ItemGroup>
</Project>