<?xml version="1.0" encoding="utf-8"?>
<Project ToolsVersion="4.0" xmlns="http://schemas.microsoft.com/developer/msbuild/2003">
  <ItemGroup>
    <Filter Include="Файлы исходного кода">
      <UniqueIdentifier>{4FC737F1-C7A5-4376-A066-2A32D752A2FF}</UniqueIdentifier>
      <Extensions>cpp;c;cc;cxx;def;odl;idl;hpj;bat;asm;asmx</Extensions>
    </Filter>
    <Filter Include="Заголовочные файлы">
      <UniqueIdentifier>{93995380-89BD-4b04-88EB-625FBE52EBFB}</UniqueIdentifier>
      <Extensions>h;hh;hpp;hxx;hm;inl;inc;xsd</Extensions>
    </Filter>
    <Filter Include="Заголовочные файлы\furikuri">
      <UniqueIdentifier>{47d56a82-b17d-4269-87c2-b1f5200dd68c}</UniqueIdentifier>
    </Filter>
    <Filter Include="Заголовочные файлы\furikuri\obfurikuriator">
      <UniqueIdentifier>{3bb0ab87-e93b-416a-807d-e4ae9cee945a}</UniqueIdentifier>
    </Filter>
    <Filter Include="Заголовочные файлы\furikuri\obfurikuriator\obfurikuristruction">
      <UniqueIdentifier>{1992578b-db89-4276-aca4-97eecbc1c7a3}</UniqueIdentifier>
    </Filter>
    <Filter Include="Заголовочные файлы\furikuri\obfurikuriator\obfurikuritation">
      <UniqueIdentifier>{be02e024-84aa-40da-8397-1033a70cfd64}</UniqueIdentifier>
    </Filter>
    <Filter Include="Заголовочные файлы\furikuri\obfurikuriator\asm">
      <UniqueIdentifier>{f1c3563a-955b-4d95-97c0-ea1ec090ea0f}</UniqueIdentifier>
    </Filter>
  </ItemGroup>
  <ItemGroup>
    <ClInclude Include="stdafx.h">
      <Filter>Заголовочные файлы</Filter>
    </ClInclude>
    <ClInclude Include="furikuri.h">
      <Filter>Заголовочные файлы\furikuri</Filter>
    </ClInclude>
    <ClInclude Include="obfurikuriator.h">
      <Filter>Заголовочные файлы\furikuri\obfurikuriator</Filter>
    </ClInclude>
    <ClInclude Include="obfurikuristruction.h">
      <Filter>Заголовочные файлы\furikuri\obfurikuriator\obfurikuristruction</Filter>
    </ClInclude>
    <ClInclude Include="obfurikuritation_x64.h">
      <Filter>Заголовочные файлы\furikuri\obfurikuriator\obfurikuritation</Filter>
    </ClInclude>
    <ClInclude Include="obfurikuritation_x86.h">
      <Filter>Заголовочные файлы\furikuri\obfurikuriator\obfurikuritation</Filter>
    </ClInclude>
    <ClInclude Include="fuku_asm.h">
      <Filter>Заголовочные файлы\furikuri\obfurikuriator\asm</Filter>
    </ClInclude>
    <ClInclude Include="fuku_asm_jmp.h">
      <Filter>Заголовочные файлы\furikuri\obfurikuriator\asm</Filter>
    </ClInclude>
  </ItemGroup>
  <ItemGroup>
    <ClCompile Include="stdafx.cpp">
      <Filter>Файлы исходного кода</Filter>
    </ClCompile>
    <ClCompile Include="furikuri.cpp">
      <Filter>Заголовочные файлы\furikuri</Filter>
    </ClCompile>
    <ClCompile Include="obfurikuriator.cpp">
      <Filter>Заголовочные файлы\furikuri\obfurikuriator</Filter>
    </ClCompile>
    <ClCompile Include="obfurikuristruction.cpp">
      <Filter>Заголовочные файлы\furikuri\obfurikuriator\obfurikuristruction</Filter>
    </ClCompile>
  </ItemGroup>
</Project>